// !$*UTF8*$!
{
	archiveVersion = 1;
	classes = {
	};
	objectVersion = 51;
	objects = {

/* Begin PBXBuildFile section */
		3662AF72DACB8A58CD9C5D23 /* Pods_ShutAppiOS_ShutAppiOSUITests.framework in Frameworks */ = {isa = PBXBuildFile; fileRef = 5BF3D7AC342F7AECC4680606 /* Pods_ShutAppiOS_ShutAppiOSUITests.framework */; };
		58C8E72B2599E3F50026B38A /* CheckInternetConnection.swift in Sources */ = {isa = PBXBuildFile; fileRef = 58C8E72A2599E3F50026B38A /* CheckInternetConnection.swift */; };
		62E3BEF72A487B88EA38243A /* Pods_ShutAppiOSTests.framework in Frameworks */ = {isa = PBXBuildFile; fileRef = 4813A8813DC968F5B65C5456 /* Pods_ShutAppiOSTests.framework */; };
		687F65C269135472E2E344D9 /* Pods_ShutAppiOS.framework in Frameworks */ = {isa = PBXBuildFile; fileRef = 952CAF9BBBCC9D7500D64A4A /* Pods_ShutAppiOS.framework */; };
		FB393E5A2596CDD800DF4F2E /* UserFunctions.swift in Sources */ = {isa = PBXBuildFile; fileRef = FB393E592596CDD800DF4F2E /* UserFunctions.swift */; };
		FBA412FF258A19ED0045B1B5 /* AppDelegate.swift in Sources */ = {isa = PBXBuildFile; fileRef = FBA412FE258A19ED0045B1B5 /* AppDelegate.swift */; };
		FBA41301258A19ED0045B1B5 /* SceneDelegate.swift in Sources */ = {isa = PBXBuildFile; fileRef = FBA41300258A19ED0045B1B5 /* SceneDelegate.swift */; };
		FBA41306258A19ED0045B1B5 /* Main.storyboard in Resources */ = {isa = PBXBuildFile; fileRef = FBA41304258A19ED0045B1B5 /* Main.storyboard */; };
		FBA41308258A19EF0045B1B5 /* Assets.xcassets in Resources */ = {isa = PBXBuildFile; fileRef = FBA41307258A19EF0045B1B5 /* Assets.xcassets */; };
		FBA4130B258A19EF0045B1B5 /* LaunchScreen.storyboard in Resources */ = {isa = PBXBuildFile; fileRef = FBA41309258A19EF0045B1B5 /* LaunchScreen.storyboard */; };
		FBA41316258A19EF0045B1B5 /* ShutAppiOSTests.swift in Sources */ = {isa = PBXBuildFile; fileRef = FBA41315258A19EF0045B1B5 /* ShutAppiOSTests.swift */; };
		FBA41321258A19EF0045B1B5 /* ShutAppiOSUITests.swift in Sources */ = {isa = PBXBuildFile; fileRef = FBA41320258A19EF0045B1B5 /* ShutAppiOSUITests.swift */; };
		FBA4132F258A1B510045B1B5 /* ForgotPasswordViewController.swift in Sources */ = {isa = PBXBuildFile; fileRef = FBA4132E258A1B510045B1B5 /* ForgotPasswordViewController.swift */; };
		FBA41331258A1B8D0045B1B5 /* SignUpViewController.swift in Sources */ = {isa = PBXBuildFile; fileRef = FBA41330258A1B8D0045B1B5 /* SignUpViewController.swift */; };
		FBA41333258A1BF40045B1B5 /* ContactsViewController.swift in Sources */ = {isa = PBXBuildFile; fileRef = FBA41332258A1BF40045B1B5 /* ContactsViewController.swift */; };
		FBA41335258A1C170045B1B5 /* LoginViewController.swift in Sources */ = {isa = PBXBuildFile; fileRef = FBA41334258A1C170045B1B5 /* LoginViewController.swift */; };
		FBA41337258A1C340045B1B5 /* SettingsViewController.swift in Sources */ = {isa = PBXBuildFile; fileRef = FBA41336258A1C340045B1B5 /* SettingsViewController.swift */; };
		FBA41339258A1C4F0045B1B5 /* TermsViewController.swift in Sources */ = {isa = PBXBuildFile; fileRef = FBA41338258A1C4F0045B1B5 /* TermsViewController.swift */; };
		FBA4133B258A1C800045B1B5 /* ChatViewController.swift in Sources */ = {isa = PBXBuildFile; fileRef = FBA4133A258A1C800045B1B5 /* ChatViewController.swift */; };
		FBA4133D258A1C9B0045B1B5 /* Contact.swift in Sources */ = {isa = PBXBuildFile; fileRef = FBA4133C258A1C9B0045B1B5 /* Contact.swift */; };
		FBA4133F258A1CBC0045B1B5 /* MyContacts.swift in Sources */ = {isa = PBXBuildFile; fileRef = FBA4133E258A1CBC0045B1B5 /* MyContacts.swift */; };
		FBA41341258A1CDE0045B1B5 /* CurrentUser.swift in Sources */ = {isa = PBXBuildFile; fileRef = FBA41340258A1CDE0045B1B5 /* CurrentUser.swift */; };
		FBA41343258A1CF70045B1B5 /* Message.swift in Sources */ = {isa = PBXBuildFile; fileRef = FBA41342258A1CF70045B1B5 /* Message.swift */; };
		FBA41345258A1D230045B1B5 /* Sender.swift in Sources */ = {isa = PBXBuildFile; fileRef = FBA41344258A1D230045B1B5 /* Sender.swift */; };
		FBA41347258A1D400045B1B5 /* MyMessages.swift in Sources */ = {isa = PBXBuildFile; fileRef = FBA41346258A1D400045B1B5 /* MyMessages.swift */; };
		FBA41349258A1ED40045B1B5 /* GoogleService-Info.plist in Resources */ = {isa = PBXBuildFile; fileRef = FBA41348258A1ED40045B1B5 /* GoogleService-Info.plist */; };
		FBA4134B258BAB080045B1B5 /* ImageService.swift in Sources */ = {isa = PBXBuildFile; fileRef = FBA4134A258BAB080045B1B5 /* ImageService.swift */; };
/* End PBXBuildFile section */

/* Begin PBXContainerItemProxy section */
		FBA41312258A19EF0045B1B5 /* PBXContainerItemProxy */ = {
			isa = PBXContainerItemProxy;
			containerPortal = FBA412F3258A19ED0045B1B5 /* Project object */;
			proxyType = 1;
			remoteGlobalIDString = FBA412FA258A19ED0045B1B5;
			remoteInfo = ShutAppiOS;
		};
		FBA4131D258A19EF0045B1B5 /* PBXContainerItemProxy */ = {
			isa = PBXContainerItemProxy;
			containerPortal = FBA412F3258A19ED0045B1B5 /* Project object */;
			proxyType = 1;
			remoteGlobalIDString = FBA412FA258A19ED0045B1B5;
			remoteInfo = ShutAppiOS;
		};
/* End PBXContainerItemProxy section */

/* Begin PBXFileReference section */
		4813A8813DC968F5B65C5456 /* Pods_ShutAppiOSTests.framework */ = {isa = PBXFileReference; explicitFileType = wrapper.framework; includeInIndex = 0; path = Pods_ShutAppiOSTests.framework; sourceTree = BUILT_PRODUCTS_DIR; };
		58C8E72A2599E3F50026B38A /* CheckInternetConnection.swift */ = {isa = PBXFileReference; lastKnownFileType = sourcecode.swift; path = CheckInternetConnection.swift; sourceTree = "<group>"; };
		5BF3D7AC342F7AECC4680606 /* Pods_ShutAppiOS_ShutAppiOSUITests.framework */ = {isa = PBXFileReference; explicitFileType = wrapper.framework; includeInIndex = 0; path = Pods_ShutAppiOS_ShutAppiOSUITests.framework; sourceTree = BUILT_PRODUCTS_DIR; };
		60D3AB9A6D9E042C98DFA27A /* Pods-ShutAppiOSTests.debug.xcconfig */ = {isa = PBXFileReference; includeInIndex = 1; lastKnownFileType = text.xcconfig; name = "Pods-ShutAppiOSTests.debug.xcconfig"; path = "Target Support Files/Pods-ShutAppiOSTests/Pods-ShutAppiOSTests.debug.xcconfig"; sourceTree = "<group>"; };
		7B336956A70D4E2DE2B5DC16 /* Pods-ShutAppiOS.debug.xcconfig */ = {isa = PBXFileReference; includeInIndex = 1; lastKnownFileType = text.xcconfig; name = "Pods-ShutAppiOS.debug.xcconfig"; path = "Target Support Files/Pods-ShutAppiOS/Pods-ShutAppiOS.debug.xcconfig"; sourceTree = "<group>"; };
		952CAF9BBBCC9D7500D64A4A /* Pods_ShutAppiOS.framework */ = {isa = PBXFileReference; explicitFileType = wrapper.framework; includeInIndex = 0; path = Pods_ShutAppiOS.framework; sourceTree = BUILT_PRODUCTS_DIR; };
		A16AD45A830C7A33F79DFA95 /* Pods-ShutAppiOSTests.release.xcconfig */ = {isa = PBXFileReference; includeInIndex = 1; lastKnownFileType = text.xcconfig; name = "Pods-ShutAppiOSTests.release.xcconfig"; path = "Target Support Files/Pods-ShutAppiOSTests/Pods-ShutAppiOSTests.release.xcconfig"; sourceTree = "<group>"; };
		A89D92C9BE7B8A0E7B6DB945 /* Pods-ShutAppiOS-ShutAppiOSUITests.debug.xcconfig */ = {isa = PBXFileReference; includeInIndex = 1; lastKnownFileType = text.xcconfig; name = "Pods-ShutAppiOS-ShutAppiOSUITests.debug.xcconfig"; path = "Target Support Files/Pods-ShutAppiOS-ShutAppiOSUITests/Pods-ShutAppiOS-ShutAppiOSUITests.debug.xcconfig"; sourceTree = "<group>"; };
		C5B47A90BB436A1CA6F389B1 /* Pods-ShutAppiOS-ShutAppiOSUITests.release.xcconfig */ = {isa = PBXFileReference; includeInIndex = 1; lastKnownFileType = text.xcconfig; name = "Pods-ShutAppiOS-ShutAppiOSUITests.release.xcconfig"; path = "Target Support Files/Pods-ShutAppiOS-ShutAppiOSUITests/Pods-ShutAppiOS-ShutAppiOSUITests.release.xcconfig"; sourceTree = "<group>"; };
		E9B21E488720FDFA04A9BD78 /* Pods-ShutAppiOS.release.xcconfig */ = {isa = PBXFileReference; includeInIndex = 1; lastKnownFileType = text.xcconfig; name = "Pods-ShutAppiOS.release.xcconfig"; path = "Target Support Files/Pods-ShutAppiOS/Pods-ShutAppiOS.release.xcconfig"; sourceTree = "<group>"; };
		FB393E592596CDD800DF4F2E /* UserFunctions.swift */ = {isa = PBXFileReference; lastKnownFileType = sourcecode.swift; path = UserFunctions.swift; sourceTree = "<group>"; };
		FBA412FB258A19ED0045B1B5 /* ShutAppiOS.app */ = {isa = PBXFileReference; explicitFileType = wrapper.application; includeInIndex = 0; path = ShutAppiOS.app; sourceTree = BUILT_PRODUCTS_DIR; };
		FBA412FE258A19ED0045B1B5 /* AppDelegate.swift */ = {isa = PBXFileReference; lastKnownFileType = sourcecode.swift; path = AppDelegate.swift; sourceTree = "<group>"; };
		FBA41300258A19ED0045B1B5 /* SceneDelegate.swift */ = {isa = PBXFileReference; lastKnownFileType = sourcecode.swift; path = SceneDelegate.swift; sourceTree = "<group>"; };
		FBA41305258A19ED0045B1B5 /* Base */ = {isa = PBXFileReference; lastKnownFileType = file.storyboard; name = Base; path = Base.lproj/Main.storyboard; sourceTree = "<group>"; };
		FBA41307258A19EF0045B1B5 /* Assets.xcassets */ = {isa = PBXFileReference; lastKnownFileType = folder.assetcatalog; path = Assets.xcassets; sourceTree = "<group>"; };
		FBA4130A258A19EF0045B1B5 /* Base */ = {isa = PBXFileReference; lastKnownFileType = file.storyboard; name = Base; path = Base.lproj/LaunchScreen.storyboard; sourceTree = "<group>"; };
		FBA4130C258A19EF0045B1B5 /* Info.plist */ = {isa = PBXFileReference; lastKnownFileType = text.plist.xml; path = Info.plist; sourceTree = "<group>"; };
		FBA41311258A19EF0045B1B5 /* ShutAppiOSTests.xctest */ = {isa = PBXFileReference; explicitFileType = wrapper.cfbundle; includeInIndex = 0; path = ShutAppiOSTests.xctest; sourceTree = BUILT_PRODUCTS_DIR; };
		FBA41315258A19EF0045B1B5 /* ShutAppiOSTests.swift */ = {isa = PBXFileReference; lastKnownFileType = sourcecode.swift; path = ShutAppiOSTests.swift; sourceTree = "<group>"; };
		FBA41317258A19EF0045B1B5 /* Info.plist */ = {isa = PBXFileReference; lastKnownFileType = text.plist.xml; path = Info.plist; sourceTree = "<group>"; };
		FBA4131C258A19EF0045B1B5 /* ShutAppiOSUITests.xctest */ = {isa = PBXFileReference; explicitFileType = wrapper.cfbundle; includeInIndex = 0; path = ShutAppiOSUITests.xctest; sourceTree = BUILT_PRODUCTS_DIR; };
		FBA41320258A19EF0045B1B5 /* ShutAppiOSUITests.swift */ = {isa = PBXFileReference; lastKnownFileType = sourcecode.swift; path = ShutAppiOSUITests.swift; sourceTree = "<group>"; };
		FBA41322258A19EF0045B1B5 /* Info.plist */ = {isa = PBXFileReference; lastKnownFileType = text.plist.xml; path = Info.plist; sourceTree = "<group>"; };
		FBA4132E258A1B510045B1B5 /* ForgotPasswordViewController.swift */ = {isa = PBXFileReference; lastKnownFileType = sourcecode.swift; path = ForgotPasswordViewController.swift; sourceTree = "<group>"; };
		FBA41330258A1B8D0045B1B5 /* SignUpViewController.swift */ = {isa = PBXFileReference; lastKnownFileType = sourcecode.swift; path = SignUpViewController.swift; sourceTree = "<group>"; };
		FBA41332258A1BF40045B1B5 /* ContactsViewController.swift */ = {isa = PBXFileReference; lastKnownFileType = sourcecode.swift; path = ContactsViewController.swift; sourceTree = "<group>"; };
		FBA41334258A1C170045B1B5 /* LoginViewController.swift */ = {isa = PBXFileReference; lastKnownFileType = sourcecode.swift; path = LoginViewController.swift; sourceTree = "<group>"; };
		FBA41336258A1C340045B1B5 /* SettingsViewController.swift */ = {isa = PBXFileReference; lastKnownFileType = sourcecode.swift; path = SettingsViewController.swift; sourceTree = "<group>"; };
		FBA41338258A1C4F0045B1B5 /* TermsViewController.swift */ = {isa = PBXFileReference; lastKnownFileType = sourcecode.swift; path = TermsViewController.swift; sourceTree = "<group>"; };
		FBA4133A258A1C800045B1B5 /* ChatViewController.swift */ = {isa = PBXFileReference; lastKnownFileType = sourcecode.swift; path = ChatViewController.swift; sourceTree = "<group>"; };
		FBA4133C258A1C9B0045B1B5 /* Contact.swift */ = {isa = PBXFileReference; lastKnownFileType = sourcecode.swift; path = Contact.swift; sourceTree = "<group>"; };
		FBA4133E258A1CBC0045B1B5 /* MyContacts.swift */ = {isa = PBXFileReference; lastKnownFileType = sourcecode.swift; path = MyContacts.swift; sourceTree = "<group>"; };
		FBA41340258A1CDE0045B1B5 /* CurrentUser.swift */ = {isa = PBXFileReference; lastKnownFileType = sourcecode.swift; path = CurrentUser.swift; sourceTree = "<group>"; };
		FBA41342258A1CF70045B1B5 /* Message.swift */ = {isa = PBXFileReference; lastKnownFileType = sourcecode.swift; path = Message.swift; sourceTree = "<group>"; };
		FBA41344258A1D230045B1B5 /* Sender.swift */ = {isa = PBXFileReference; lastKnownFileType = sourcecode.swift; path = Sender.swift; sourceTree = "<group>"; };
		FBA41346258A1D400045B1B5 /* MyMessages.swift */ = {isa = PBXFileReference; lastKnownFileType = sourcecode.swift; path = MyMessages.swift; sourceTree = "<group>"; };
		FBA41348258A1ED40045B1B5 /* GoogleService-Info.plist */ = {isa = PBXFileReference; fileEncoding = 4; lastKnownFileType = text.plist.xml; path = "GoogleService-Info.plist"; sourceTree = "<group>"; };
		FBA4134A258BAB080045B1B5 /* ImageService.swift */ = {isa = PBXFileReference; lastKnownFileType = sourcecode.swift; path = ImageService.swift; sourceTree = "<group>"; };
/* End PBXFileReference section */

/* Begin PBXFrameworksBuildPhase section */
		FBA412F8258A19ED0045B1B5 /* Frameworks */ = {
			isa = PBXFrameworksBuildPhase;
			buildActionMask = 2147483647;
			files = (
				687F65C269135472E2E344D9 /* Pods_ShutAppiOS.framework in Frameworks */,
			);
			runOnlyForDeploymentPostprocessing = 0;
		};
		FBA4130E258A19EF0045B1B5 /* Frameworks */ = {
			isa = PBXFrameworksBuildPhase;
			buildActionMask = 2147483647;
			files = (
				62E3BEF72A487B88EA38243A /* Pods_ShutAppiOSTests.framework in Frameworks */,
			);
			runOnlyForDeploymentPostprocessing = 0;
		};
		FBA41319258A19EF0045B1B5 /* Frameworks */ = {
			isa = PBXFrameworksBuildPhase;
			buildActionMask = 2147483647;
			files = (
				3662AF72DACB8A58CD9C5D23 /* Pods_ShutAppiOS_ShutAppiOSUITests.framework in Frameworks */,
			);
			runOnlyForDeploymentPostprocessing = 0;
		};
/* End PBXFrameworksBuildPhase section */

/* Begin PBXGroup section */
		224B3D59D3B623470007DA1F /* Pods */ = {
			isa = PBXGroup;
			children = (
				7B336956A70D4E2DE2B5DC16 /* Pods-ShutAppiOS.debug.xcconfig */,
				E9B21E488720FDFA04A9BD78 /* Pods-ShutAppiOS.release.xcconfig */,
				A89D92C9BE7B8A0E7B6DB945 /* Pods-ShutAppiOS-ShutAppiOSUITests.debug.xcconfig */,
				C5B47A90BB436A1CA6F389B1 /* Pods-ShutAppiOS-ShutAppiOSUITests.release.xcconfig */,
				60D3AB9A6D9E042C98DFA27A /* Pods-ShutAppiOSTests.debug.xcconfig */,
				A16AD45A830C7A33F79DFA95 /* Pods-ShutAppiOSTests.release.xcconfig */,
			);
			path = Pods;
			sourceTree = "<group>";
		};
		58DBD045258A3ABF00D98709 /* Controllers */ = {
			isa = PBXGroup;
			children = (
				FBA4133A258A1C800045B1B5 /* ChatViewController.swift */,
				FBA41338258A1C4F0045B1B5 /* TermsViewController.swift */,
				FBA41334258A1C170045B1B5 /* LoginViewController.swift */,
				FBA41330258A1B8D0045B1B5 /* SignUpViewController.swift */,
				FBA4132E258A1B510045B1B5 /* ForgotPasswordViewController.swift */,
				FBA41332258A1BF40045B1B5 /* ContactsViewController.swift */,
				FBA41336258A1C340045B1B5 /* SettingsViewController.swift */,
			);
			path = Controllers;
			sourceTree = "<group>";
		};
		58DBD046258A3AE200D98709 /* Models */ = {
			isa = PBXGroup;
			children = (
				FBA41346258A1D400045B1B5 /* MyMessages.swift */,
				FBA41342258A1CF70045B1B5 /* Message.swift */,
				FBA41344258A1D230045B1B5 /* Sender.swift */,
				FBA41340258A1CDE0045B1B5 /* CurrentUser.swift */,
				FBA4133E258A1CBC0045B1B5 /* MyContacts.swift */,
				FBA4133C258A1C9B0045B1B5 /* Contact.swift */,
				FBA4134A258BAB080045B1B5 /* ImageService.swift */,
				FB393E592596CDD800DF4F2E /* UserFunctions.swift */,
				58C8E72A2599E3F50026B38A /* CheckInternetConnection.swift */,
			);
			path = Models;
			sourceTree = "<group>";
		};
		58DBD047258A3AEA00D98709 /* Views */ = {
			isa = PBXGroup;
			children = (
				FBA41304258A19ED0045B1B5 /* Main.storyboard */,
			);
			path = Views;
			sourceTree = "<group>";
		};
		DED1D5B572C5E053A5F5C2D5 /* Frameworks */ = {
			isa = PBXGroup;
			children = (
				952CAF9BBBCC9D7500D64A4A /* Pods_ShutAppiOS.framework */,
				5BF3D7AC342F7AECC4680606 /* Pods_ShutAppiOS_ShutAppiOSUITests.framework */,
				4813A8813DC968F5B65C5456 /* Pods_ShutAppiOSTests.framework */,
			);
			name = Frameworks;
			sourceTree = "<group>";
		};
		FBA412F2258A19ED0045B1B5 = {
			isa = PBXGroup;
			children = (
				FBA412FD258A19ED0045B1B5 /* ShutAppiOS */,
				FBA41314258A19EF0045B1B5 /* ShutAppiOSTests */,
				FBA4131F258A19EF0045B1B5 /* ShutAppiOSUITests */,
				FBA412FC258A19ED0045B1B5 /* Products */,
				224B3D59D3B623470007DA1F /* Pods */,
				DED1D5B572C5E053A5F5C2D5 /* Frameworks */,
			);
			sourceTree = "<group>";
		};
		FBA412FC258A19ED0045B1B5 /* Products */ = {
			isa = PBXGroup;
			children = (
				FBA412FB258A19ED0045B1B5 /* ShutAppiOS.app */,
				FBA41311258A19EF0045B1B5 /* ShutAppiOSTests.xctest */,
				FBA4131C258A19EF0045B1B5 /* ShutAppiOSUITests.xctest */,
			);
			name = Products;
			sourceTree = "<group>";
		};
		FBA412FD258A19ED0045B1B5 /* ShutAppiOS */ = {
			isa = PBXGroup;
			children = (
				58DBD047258A3AEA00D98709 /* Views */,
				58DBD045258A3ABF00D98709 /* Controllers */,
				58DBD046258A3AE200D98709 /* Models */,
				FBA41300258A19ED0045B1B5 /* SceneDelegate.swift */,
				FBA412FE258A19ED0045B1B5 /* AppDelegate.swift */,
				FBA41307258A19EF0045B1B5 /* Assets.xcassets */,
				FBA41309258A19EF0045B1B5 /* LaunchScreen.storyboard */,
				FBA4130C258A19EF0045B1B5 /* Info.plist */,
				FBA41348258A1ED40045B1B5 /* GoogleService-Info.plist */,
			);
			path = ShutAppiOS;
			sourceTree = "<group>";
		};
		FBA41314258A19EF0045B1B5 /* ShutAppiOSTests */ = {
			isa = PBXGroup;
			children = (
				FBA41315258A19EF0045B1B5 /* ShutAppiOSTests.swift */,
				FBA41317258A19EF0045B1B5 /* Info.plist */,
			);
			path = ShutAppiOSTests;
			sourceTree = "<group>";
		};
		FBA4131F258A19EF0045B1B5 /* ShutAppiOSUITests */ = {
			isa = PBXGroup;
			children = (
				FBA41320258A19EF0045B1B5 /* ShutAppiOSUITests.swift */,
				FBA41322258A19EF0045B1B5 /* Info.plist */,
			);
			path = ShutAppiOSUITests;
			sourceTree = "<group>";
		};
/* End PBXGroup section */

/* Begin PBXNativeTarget section */
		FBA412FA258A19ED0045B1B5 /* ShutAppiOS */ = {
			isa = PBXNativeTarget;
			buildConfigurationList = FBA41325258A19EF0045B1B5 /* Build configuration list for PBXNativeTarget "ShutAppiOS" */;
			buildPhases = (
				A54A5B0E29623337C03B2BD7 /* [CP] Check Pods Manifest.lock */,
				FBA412F7258A19ED0045B1B5 /* Sources */,
				FBA412F8258A19ED0045B1B5 /* Frameworks */,
				FBA412F9258A19ED0045B1B5 /* Resources */,
				80DA52F2F88596DFBF3DA4DB /* [CP] Embed Pods Frameworks */,
			);
			buildRules = (
			);
			dependencies = (
			);
			name = ShutAppiOS;
			productName = ShutAppiOS;
			productReference = FBA412FB258A19ED0045B1B5 /* ShutAppiOS.app */;
			productType = "com.apple.product-type.application";
		};
		FBA41310258A19EF0045B1B5 /* ShutAppiOSTests */ = {
			isa = PBXNativeTarget;
			buildConfigurationList = FBA41328258A19EF0045B1B5 /* Build configuration list for PBXNativeTarget "ShutAppiOSTests" */;
			buildPhases = (
				85A95BD5296909EFCA1E3754 /* [CP] Check Pods Manifest.lock */,
				FBA4130D258A19EF0045B1B5 /* Sources */,
				FBA4130E258A19EF0045B1B5 /* Frameworks */,
				FBA4130F258A19EF0045B1B5 /* Resources */,
			);
			buildRules = (
			);
			dependencies = (
				FBA41313258A19EF0045B1B5 /* PBXTargetDependency */,
			);
			name = ShutAppiOSTests;
			productName = ShutAppiOSTests;
			productReference = FBA41311258A19EF0045B1B5 /* ShutAppiOSTests.xctest */;
			productType = "com.apple.product-type.bundle.unit-test";
		};
		FBA4131B258A19EF0045B1B5 /* ShutAppiOSUITests */ = {
			isa = PBXNativeTarget;
			buildConfigurationList = FBA4132B258A19EF0045B1B5 /* Build configuration list for PBXNativeTarget "ShutAppiOSUITests" */;
			buildPhases = (
				13211B5FCA77D364116C0CC3 /* [CP] Check Pods Manifest.lock */,
				FBA41318258A19EF0045B1B5 /* Sources */,
				FBA41319258A19EF0045B1B5 /* Frameworks */,
				FBA4131A258A19EF0045B1B5 /* Resources */,
				C15906AB5B16E4A8895F81CB /* [CP] Embed Pods Frameworks */,
			);
			buildRules = (
			);
			dependencies = (
				FBA4131E258A19EF0045B1B5 /* PBXTargetDependency */,
			);
			name = ShutAppiOSUITests;
			productName = ShutAppiOSUITests;
			productReference = FBA4131C258A19EF0045B1B5 /* ShutAppiOSUITests.xctest */;
			productType = "com.apple.product-type.bundle.ui-testing";
		};
/* End PBXNativeTarget section */

/* Begin PBXProject section */
		FBA412F3258A19ED0045B1B5 /* Project object */ = {
			isa = PBXProject;
			attributes = {
				LastSwiftUpdateCheck = 1160;
				LastUpgradeCheck = 1160;
				ORGANIZATIONNAME = ShutApp;
				TargetAttributes = {
					FBA412FA258A19ED0045B1B5 = {
						CreatedOnToolsVersion = 11.6;
					};
					FBA41310258A19EF0045B1B5 = {
						CreatedOnToolsVersion = 11.6;
						TestTargetID = FBA412FA258A19ED0045B1B5;
					};
					FBA4131B258A19EF0045B1B5 = {
						CreatedOnToolsVersion = 11.6;
						TestTargetID = FBA412FA258A19ED0045B1B5;
					};
				};
			};
			buildConfigurationList = FBA412F6258A19ED0045B1B5 /* Build configuration list for PBXProject "ShutAppiOS" */;
			compatibilityVersion = "Xcode 9.3";
			developmentRegion = en;
			hasScannedForEncodings = 0;
			knownRegions = (
				en,
				Base,
			);
			mainGroup = FBA412F2258A19ED0045B1B5;
			productRefGroup = FBA412FC258A19ED0045B1B5 /* Products */;
			projectDirPath = "";
			projectRoot = "";
			targets = (
				FBA412FA258A19ED0045B1B5 /* ShutAppiOS */,
				FBA41310258A19EF0045B1B5 /* ShutAppiOSTests */,
				FBA4131B258A19EF0045B1B5 /* ShutAppiOSUITests */,
			);
		};
/* End PBXProject section */

/* Begin PBXResourcesBuildPhase section */
		FBA412F9258A19ED0045B1B5 /* Resources */ = {
			isa = PBXResourcesBuildPhase;
			buildActionMask = 2147483647;
			files = (
				FBA4130B258A19EF0045B1B5 /* LaunchScreen.storyboard in Resources */,
				FBA41349258A1ED40045B1B5 /* GoogleService-Info.plist in Resources */,
				FBA41308258A19EF0045B1B5 /* Assets.xcassets in Resources */,
				FBA41306258A19ED0045B1B5 /* Main.storyboard in Resources */,
			);
			runOnlyForDeploymentPostprocessing = 0;
		};
		FBA4130F258A19EF0045B1B5 /* Resources */ = {
			isa = PBXResourcesBuildPhase;
			buildActionMask = 2147483647;
			files = (
			);
			runOnlyForDeploymentPostprocessing = 0;
		};
		FBA4131A258A19EF0045B1B5 /* Resources */ = {
			isa = PBXResourcesBuildPhase;
			buildActionMask = 2147483647;
			files = (
			);
			runOnlyForDeploymentPostprocessing = 0;
		};
/* End PBXResourcesBuildPhase section */

/* Begin PBXShellScriptBuildPhase section */
		13211B5FCA77D364116C0CC3 /* [CP] Check Pods Manifest.lock */ = {
			isa = PBXShellScriptBuildPhase;
			buildActionMask = 2147483647;
			files = (
			);
			inputFileListPaths = (
			);
			inputPaths = (
				"${PODS_PODFILE_DIR_PATH}/Podfile.lock",
				"${PODS_ROOT}/Manifest.lock",
			);
			name = "[CP] Check Pods Manifest.lock";
			outputFileListPaths = (
			);
			outputPaths = (
				"$(DERIVED_FILE_DIR)/Pods-ShutAppiOS-ShutAppiOSUITests-checkManifestLockResult.txt",
			);
			runOnlyForDeploymentPostprocessing = 0;
			shellPath = /bin/sh;
			shellScript = "diff \"${PODS_PODFILE_DIR_PATH}/Podfile.lock\" \"${PODS_ROOT}/Manifest.lock\" > /dev/null\nif [ $? != 0 ] ; then\n    # print error to STDERR\n    echo \"error: The sandbox is not in sync with the Podfile.lock. Run 'pod install' or update your CocoaPods installation.\" >&2\n    exit 1\nfi\n# This output is used by Xcode 'outputs' to avoid re-running this script phase.\necho \"SUCCESS\" > \"${SCRIPT_OUTPUT_FILE_0}\"\n";
			showEnvVarsInLog = 0;
		};
		80DA52F2F88596DFBF3DA4DB /* [CP] Embed Pods Frameworks */ = {
			isa = PBXShellScriptBuildPhase;
			buildActionMask = 2147483647;
			files = (
			);
			inputFileListPaths = (
				"${PODS_ROOT}/Target Support Files/Pods-ShutAppiOS/Pods-ShutAppiOS-frameworks-${CONFIGURATION}-input-files.xcfilelist",
			);
			name = "[CP] Embed Pods Frameworks";
			outputFileListPaths = (
				"${PODS_ROOT}/Target Support Files/Pods-ShutAppiOS/Pods-ShutAppiOS-frameworks-${CONFIGURATION}-output-files.xcfilelist",
			);
			runOnlyForDeploymentPostprocessing = 0;
			shellPath = /bin/sh;
			shellScript = "\"${PODS_ROOT}/Target Support Files/Pods-ShutAppiOS/Pods-ShutAppiOS-frameworks.sh\"\n";
			showEnvVarsInLog = 0;
		};
		85A95BD5296909EFCA1E3754 /* [CP] Check Pods Manifest.lock */ = {
			isa = PBXShellScriptBuildPhase;
			buildActionMask = 2147483647;
			files = (
			);
			inputFileListPaths = (
			);
			inputPaths = (
				"${PODS_PODFILE_DIR_PATH}/Podfile.lock",
				"${PODS_ROOT}/Manifest.lock",
			);
			name = "[CP] Check Pods Manifest.lock";
			outputFileListPaths = (
			);
			outputPaths = (
				"$(DERIVED_FILE_DIR)/Pods-ShutAppiOSTests-checkManifestLockResult.txt",
			);
			runOnlyForDeploymentPostprocessing = 0;
			shellPath = /bin/sh;
			shellScript = "diff \"${PODS_PODFILE_DIR_PATH}/Podfile.lock\" \"${PODS_ROOT}/Manifest.lock\" > /dev/null\nif [ $? != 0 ] ; then\n    # print error to STDERR\n    echo \"error: The sandbox is not in sync with the Podfile.lock. Run 'pod install' or update your CocoaPods installation.\" >&2\n    exit 1\nfi\n# This output is used by Xcode 'outputs' to avoid re-running this script phase.\necho \"SUCCESS\" > \"${SCRIPT_OUTPUT_FILE_0}\"\n";
			showEnvVarsInLog = 0;
		};
		A54A5B0E29623337C03B2BD7 /* [CP] Check Pods Manifest.lock */ = {
			isa = PBXShellScriptBuildPhase;
			buildActionMask = 2147483647;
			files = (
			);
			inputFileListPaths = (
			);
			inputPaths = (
				"${PODS_PODFILE_DIR_PATH}/Podfile.lock",
				"${PODS_ROOT}/Manifest.lock",
			);
			name = "[CP] Check Pods Manifest.lock";
			outputFileListPaths = (
			);
			outputPaths = (
				"$(DERIVED_FILE_DIR)/Pods-ShutAppiOS-checkManifestLockResult.txt",
			);
			runOnlyForDeploymentPostprocessing = 0;
			shellPath = /bin/sh;
			shellScript = "diff \"${PODS_PODFILE_DIR_PATH}/Podfile.lock\" \"${PODS_ROOT}/Manifest.lock\" > /dev/null\nif [ $? != 0 ] ; then\n    # print error to STDERR\n    echo \"error: The sandbox is not in sync with the Podfile.lock. Run 'pod install' or update your CocoaPods installation.\" >&2\n    exit 1\nfi\n# This output is used by Xcode 'outputs' to avoid re-running this script phase.\necho \"SUCCESS\" > \"${SCRIPT_OUTPUT_FILE_0}\"\n";
			showEnvVarsInLog = 0;
		};
		C15906AB5B16E4A8895F81CB /* [CP] Embed Pods Frameworks */ = {
			isa = PBXShellScriptBuildPhase;
			buildActionMask = 2147483647;
			files = (
			);
			inputFileListPaths = (
				"${PODS_ROOT}/Target Support Files/Pods-ShutAppiOS-ShutAppiOSUITests/Pods-ShutAppiOS-ShutAppiOSUITests-frameworks-${CONFIGURATION}-input-files.xcfilelist",
			);
			name = "[CP] Embed Pods Frameworks";
			outputFileListPaths = (
				"${PODS_ROOT}/Target Support Files/Pods-ShutAppiOS-ShutAppiOSUITests/Pods-ShutAppiOS-ShutAppiOSUITests-frameworks-${CONFIGURATION}-output-files.xcfilelist",
			);
			runOnlyForDeploymentPostprocessing = 0;
			shellPath = /bin/sh;
			shellScript = "\"${PODS_ROOT}/Target Support Files/Pods-ShutAppiOS-ShutAppiOSUITests/Pods-ShutAppiOS-ShutAppiOSUITests-frameworks.sh\"\n";
			showEnvVarsInLog = 0;
		};
/* End PBXShellScriptBuildPhase section */

/* Begin PBXSourcesBuildPhase section */
		FBA412F7258A19ED0045B1B5 /* Sources */ = {
			isa = PBXSourcesBuildPhase;
			buildActionMask = 2147483647;
			files = (
				FBA41335258A1C170045B1B5 /* LoginViewController.swift in Sources */,
				FBA4134B258BAB080045B1B5 /* ImageService.swift in Sources */,
				FBA412FF258A19ED0045B1B5 /* AppDelegate.swift in Sources */,
				FBA4133D258A1C9B0045B1B5 /* Contact.swift in Sources */,
				FBA41337258A1C340045B1B5 /* SettingsViewController.swift in Sources */,
				FBA41347258A1D400045B1B5 /* MyMessages.swift in Sources */,
				FBA41301258A19ED0045B1B5 /* SceneDelegate.swift in Sources */,
				FBA41331258A1B8D0045B1B5 /* SignUpViewController.swift in Sources */,
				FBA4132F258A1B510045B1B5 /* ForgotPasswordViewController.swift in Sources */,
				FB393E5A2596CDD800DF4F2E /* UserFunctions.swift in Sources */,
				FBA41339258A1C4F0045B1B5 /* TermsViewController.swift in Sources */,
				FBA41345258A1D230045B1B5 /* Sender.swift in Sources */,
				FBA4133F258A1CBC0045B1B5 /* MyContacts.swift in Sources */,
				FBA41343258A1CF70045B1B5 /* Message.swift in Sources */,
				FBA4133B258A1C800045B1B5 /* ChatViewController.swift in Sources */,
				58C8E72B2599E3F50026B38A /* CheckInternetConnection.swift in Sources */,
				FBA41341258A1CDE0045B1B5 /* CurrentUser.swift in Sources */,
				FBA41333258A1BF40045B1B5 /* ContactsViewController.swift in Sources */,
			);
			runOnlyForDeploymentPostprocessing = 0;
		};
		FBA4130D258A19EF0045B1B5 /* Sources */ = {
			isa = PBXSourcesBuildPhase;
			buildActionMask = 2147483647;
			files = (
				FBA41316258A19EF0045B1B5 /* ShutAppiOSTests.swift in Sources */,
			);
			runOnlyForDeploymentPostprocessing = 0;
		};
		FBA41318258A19EF0045B1B5 /* Sources */ = {
			isa = PBXSourcesBuildPhase;
			buildActionMask = 2147483647;
			files = (
				FBA41321258A19EF0045B1B5 /* ShutAppiOSUITests.swift in Sources */,
			);
			runOnlyForDeploymentPostprocessing = 0;
		};
/* End PBXSourcesBuildPhase section */

/* Begin PBXTargetDependency section */
		FBA41313258A19EF0045B1B5 /* PBXTargetDependency */ = {
			isa = PBXTargetDependency;
			target = FBA412FA258A19ED0045B1B5 /* ShutAppiOS */;
			targetProxy = FBA41312258A19EF0045B1B5 /* PBXContainerItemProxy */;
		};
		FBA4131E258A19EF0045B1B5 /* PBXTargetDependency */ = {
			isa = PBXTargetDependency;
			target = FBA412FA258A19ED0045B1B5 /* ShutAppiOS */;
			targetProxy = FBA4131D258A19EF0045B1B5 /* PBXContainerItemProxy */;
		};
/* End PBXTargetDependency section */

/* Begin PBXVariantGroup section */
		FBA41304258A19ED0045B1B5 /* Main.storyboard */ = {
			isa = PBXVariantGroup;
			children = (
				FBA41305258A19ED0045B1B5 /* Base */,
			);
			name = Main.storyboard;
			sourceTree = "<group>";
		};
		FBA41309258A19EF0045B1B5 /* LaunchScreen.storyboard */ = {
			isa = PBXVariantGroup;
			children = (
				FBA4130A258A19EF0045B1B5 /* Base */,
			);
			name = LaunchScreen.storyboard;
			sourceTree = "<group>";
		};
/* End PBXVariantGroup section */

/* Begin XCBuildConfiguration section */
		FBA41323258A19EF0045B1B5 /* Debug */ = {
			isa = XCBuildConfiguration;
			buildSettings = {
				ALWAYS_SEARCH_USER_PATHS = NO;
				CLANG_ANALYZER_NONNULL = YES;
				CLANG_ANALYZER_NUMBER_OBJECT_CONVERSION = YES_AGGRESSIVE;
				CLANG_CXX_LANGUAGE_STANDARD = "gnu++14";
				CLANG_CXX_LIBRARY = "libc++";
				CLANG_ENABLE_MODULES = YES;
				CLANG_ENABLE_OBJC_ARC = YES;
				CLANG_ENABLE_OBJC_WEAK = YES;
				CLANG_WARN_BLOCK_CAPTURE_AUTORELEASING = YES;
				CLANG_WARN_BOOL_CONVERSION = YES;
				CLANG_WARN_COMMA = YES;
				CLANG_WARN_CONSTANT_CONVERSION = YES;
				CLANG_WARN_DEPRECATED_OBJC_IMPLEMENTATIONS = YES;
				CLANG_WARN_DIRECT_OBJC_ISA_USAGE = YES_ERROR;
				CLANG_WARN_DOCUMENTATION_COMMENTS = YES;
				CLANG_WARN_EMPTY_BODY = YES;
				CLANG_WARN_ENUM_CONVERSION = YES;
				CLANG_WARN_INFINITE_RECURSION = YES;
				CLANG_WARN_INT_CONVERSION = YES;
				CLANG_WARN_NON_LITERAL_NULL_CONVERSION = YES;
				CLANG_WARN_OBJC_IMPLICIT_RETAIN_SELF = YES;
				CLANG_WARN_OBJC_LITERAL_CONVERSION = YES;
				CLANG_WARN_OBJC_ROOT_CLASS = YES_ERROR;
				CLANG_WARN_RANGE_LOOP_ANALYSIS = YES;
				CLANG_WARN_STRICT_PROTOTYPES = YES;
				CLANG_WARN_SUSPICIOUS_MOVE = YES;
				CLANG_WARN_UNGUARDED_AVAILABILITY = YES_AGGRESSIVE;
				CLANG_WARN_UNREACHABLE_CODE = YES;
				CLANG_WARN__DUPLICATE_METHOD_MATCH = YES;
				COPY_PHASE_STRIP = NO;
				DEBUG_INFORMATION_FORMAT = dwarf;
				ENABLE_STRICT_OBJC_MSGSEND = YES;
				ENABLE_TESTABILITY = YES;
				GCC_C_LANGUAGE_STANDARD = gnu11;
				GCC_DYNAMIC_NO_PIC = NO;
				GCC_NO_COMMON_BLOCKS = YES;
				GCC_OPTIMIZATION_LEVEL = 0;
				GCC_PREPROCESSOR_DEFINITIONS = (
					"DEBUG=1",
					"$(inherited)",
				);
				GCC_WARN_64_TO_32_BIT_CONVERSION = YES;
				GCC_WARN_ABOUT_RETURN_TYPE = YES_ERROR;
				GCC_WARN_UNDECLARED_SELECTOR = YES;
				GCC_WARN_UNINITIALIZED_AUTOS = YES_AGGRESSIVE;
				GCC_WARN_UNUSED_FUNCTION = YES;
				GCC_WARN_UNUSED_VARIABLE = YES;
				IPHONEOS_DEPLOYMENT_TARGET = 13.6;
				MTL_ENABLE_DEBUG_INFO = INCLUDE_SOURCE;
				MTL_FAST_MATH = YES;
				ONLY_ACTIVE_ARCH = YES;
				SDKROOT = iphoneos;
				SWIFT_ACTIVE_COMPILATION_CONDITIONS = DEBUG;
				SWIFT_OPTIMIZATION_LEVEL = "-Onone";
			};
			name = Debug;
		};
		FBA41324258A19EF0045B1B5 /* Release */ = {
			isa = XCBuildConfiguration;
			buildSettings = {
				ALWAYS_SEARCH_USER_PATHS = NO;
				CLANG_ANALYZER_NONNULL = YES;
				CLANG_ANALYZER_NUMBER_OBJECT_CONVERSION = YES_AGGRESSIVE;
				CLANG_CXX_LANGUAGE_STANDARD = "gnu++14";
				CLANG_CXX_LIBRARY = "libc++";
				CLANG_ENABLE_MODULES = YES;
				CLANG_ENABLE_OBJC_ARC = YES;
				CLANG_ENABLE_OBJC_WEAK = YES;
				CLANG_WARN_BLOCK_CAPTURE_AUTORELEASING = YES;
				CLANG_WARN_BOOL_CONVERSION = YES;
				CLANG_WARN_COMMA = YES;
				CLANG_WARN_CONSTANT_CONVERSION = YES;
				CLANG_WARN_DEPRECATED_OBJC_IMPLEMENTATIONS = YES;
				CLANG_WARN_DIRECT_OBJC_ISA_USAGE = YES_ERROR;
				CLANG_WARN_DOCUMENTATION_COMMENTS = YES;
				CLANG_WARN_EMPTY_BODY = YES;
				CLANG_WARN_ENUM_CONVERSION = YES;
				CLANG_WARN_INFINITE_RECURSION = YES;
				CLANG_WARN_INT_CONVERSION = YES;
				CLANG_WARN_NON_LITERAL_NULL_CONVERSION = YES;
				CLANG_WARN_OBJC_IMPLICIT_RETAIN_SELF = YES;
				CLANG_WARN_OBJC_LITERAL_CONVERSION = YES;
				CLANG_WARN_OBJC_ROOT_CLASS = YES_ERROR;
				CLANG_WARN_RANGE_LOOP_ANALYSIS = YES;
				CLANG_WARN_STRICT_PROTOTYPES = YES;
				CLANG_WARN_SUSPICIOUS_MOVE = YES;
				CLANG_WARN_UNGUARDED_AVAILABILITY = YES_AGGRESSIVE;
				CLANG_WARN_UNREACHABLE_CODE = YES;
				CLANG_WARN__DUPLICATE_METHOD_MATCH = YES;
				COPY_PHASE_STRIP = NO;
				DEBUG_INFORMATION_FORMAT = "dwarf-with-dsym";
				ENABLE_NS_ASSERTIONS = NO;
				ENABLE_STRICT_OBJC_MSGSEND = YES;
				GCC_C_LANGUAGE_STANDARD = gnu11;
				GCC_NO_COMMON_BLOCKS = YES;
				GCC_WARN_64_TO_32_BIT_CONVERSION = YES;
				GCC_WARN_ABOUT_RETURN_TYPE = YES_ERROR;
				GCC_WARN_UNDECLARED_SELECTOR = YES;
				GCC_WARN_UNINITIALIZED_AUTOS = YES_AGGRESSIVE;
				GCC_WARN_UNUSED_FUNCTION = YES;
				GCC_WARN_UNUSED_VARIABLE = YES;
				IPHONEOS_DEPLOYMENT_TARGET = 13.6;
				MTL_ENABLE_DEBUG_INFO = NO;
				MTL_FAST_MATH = YES;
				SDKROOT = iphoneos;
				SWIFT_COMPILATION_MODE = wholemodule;
				SWIFT_OPTIMIZATION_LEVEL = "-O";
				VALIDATE_PRODUCT = YES;
			};
			name = Release;
		};
		FBA41326258A19EF0045B1B5 /* Debug */ = {
			isa = XCBuildConfiguration;
			baseConfigurationReference = 7B336956A70D4E2DE2B5DC16 /* Pods-ShutAppiOS.debug.xcconfig */;
			buildSettings = {
				ASSETCATALOG_COMPILER_APPICON_NAME = AppIcon;
				CODE_SIGN_STYLE = Automatic;
				INFOPLIST_FILE = ShutAppiOS/Info.plist;
				LD_RUNPATH_SEARCH_PATHS = (
					"$(inherited)",
					"@executable_path/Frameworks",
				);
				PRODUCT_BUNDLE_IDENTIFIER = com.ShutApp.ShutAppiOS;
				PRODUCT_NAME = "$(TARGET_NAME)";
				SWIFT_VERSION = 5.0;
				TARGETED_DEVICE_FAMILY = "1,2";
			};
			name = Debug;
		};
		FBA41327258A19EF0045B1B5 /* Release */ = {
			isa = XCBuildConfiguration;
			baseConfigurationReference = E9B21E488720FDFA04A9BD78 /* Pods-ShutAppiOS.release.xcconfig */;
			buildSettings = {
				ASSETCATALOG_COMPILER_APPICON_NAME = AppIcon;
				CODE_SIGN_STYLE = Automatic;
				INFOPLIST_FILE = ShutAppiOS/Info.plist;
				LD_RUNPATH_SEARCH_PATHS = (
					"$(inherited)",
					"@executable_path/Frameworks",
				);
				PRODUCT_BUNDLE_IDENTIFIER = com.ShutApp.ShutAppiOS;
				PRODUCT_NAME = "$(TARGET_NAME)";
				SWIFT_VERSION = 5.0;
				TARGETED_DEVICE_FAMILY = "1,2";
			};
			name = Release;
		};
		FBA41329258A19EF0045B1B5 /* Debug */ = {
			isa = XCBuildConfiguration;
			baseConfigurationReference = 60D3AB9A6D9E042C98DFA27A /* Pods-ShutAppiOSTests.debug.xcconfig */;
			buildSettings = {
				ALWAYS_EMBED_SWIFT_STANDARD_LIBRARIES = YES;
				BUNDLE_LOADER = "$(TEST_HOST)";
				CODE_SIGN_STYLE = Automatic;
				INFOPLIST_FILE = ShutAppiOSTests/Info.plist;
				IPHONEOS_DEPLOYMENT_TARGET = 13.6;
				LD_RUNPATH_SEARCH_PATHS = (
					"$(inherited)",
					"@executable_path/Frameworks",
					"@loader_path/Frameworks",
				);
				PRODUCT_BUNDLE_IDENTIFIER = com.ShutApp.ShutAppiOSTests;
				PRODUCT_NAME = "$(TARGET_NAME)";
				SWIFT_VERSION = 5.0;
				TARGETED_DEVICE_FAMILY = "1,2";
				TEST_HOST = "$(BUILT_PRODUCTS_DIR)/ShutAppiOS.app/ShutAppiOS";
			};
			name = Debug;
		};
		FBA4132A258A19EF0045B1B5 /* Release */ = {
			isa = XCBuildConfiguration;
			baseConfigurationReference = A16AD45A830C7A33F79DFA95 /* Pods-ShutAppiOSTests.release.xcconfig */;
			buildSettings = {
				ALWAYS_EMBED_SWIFT_STANDARD_LIBRARIES = YES;
				BUNDLE_LOADER = "$(TEST_HOST)";
				CODE_SIGN_STYLE = Automatic;
				INFOPLIST_FILE = ShutAppiOSTests/Info.plist;
				IPHONEOS_DEPLOYMENT_TARGET = 13.6;
				LD_RUNPATH_SEARCH_PATHS = (
					"$(inherited)",
					"@executable_path/Frameworks",
					"@loader_path/Frameworks",
				);
				PRODUCT_BUNDLE_IDENTIFIER = com.ShutApp.ShutAppiOSTests;
				PRODUCT_NAME = "$(TARGET_NAME)";
				SWIFT_VERSION = 5.0;
				TARGETED_DEVICE_FAMILY = "1,2";
				TEST_HOST = "$(BUILT_PRODUCTS_DIR)/ShutAppiOS.app/ShutAppiOS";
			};
			name = Release;
		};
		FBA4132C258A19EF0045B1B5 /* Debug */ = {
			isa = XCBuildConfiguration;
			baseConfigurationReference = A89D92C9BE7B8A0E7B6DB945 /* Pods-ShutAppiOS-ShutAppiOSUITests.debug.xcconfig */;
			buildSettings = {
				ALWAYS_EMBED_SWIFT_STANDARD_LIBRARIES = YES;
				CODE_SIGN_IDENTITY = "Apple Development";
				"CODE_SIGN_IDENTITY[sdk=macosx*]" = "-";
				CODE_SIGN_STYLE = Automatic;
				DEVELOPMENT_TEAM = "";
				INFOPLIST_FILE = ShutAppiOSUITests/Info.plist;
				LD_RUNPATH_SEARCH_PATHS = (
					"$(inherited)",
					"@executable_path/Frameworks",
					"@loader_path/Frameworks",
				);
				PRODUCT_BUNDLE_IDENTIFIER = com.ShutApp.ShutAppiOSUITests;
				PRODUCT_NAME = "$(TARGET_NAME)";
				PROVISIONING_PROFILE_SPECIFIER = "";
				"PROVISIONING_PROFILE_SPECIFIER[sdk=macosx*]" = "";
				SWIFT_VERSION = 5.0;
				TARGETED_DEVICE_FAMILY = "1,2";
				TEST_TARGET_NAME = ShutAppiOS;
			};
			name = Debug;
		};
		FBA4132D258A19EF0045B1B5 /* Release */ = {
			isa = XCBuildConfiguration;
			baseConfigurationReference = C5B47A90BB436A1CA6F389B1 /* Pods-ShutAppiOS-ShutAppiOSUITests.release.xcconfig */;
			buildSettings = {
				ALWAYS_EMBED_SWIFT_STANDARD_LIBRARIES = YES;
				CODE_SIGN_IDENTITY = "Apple Development";
				"CODE_SIGN_IDENTITY[sdk=macosx*]" = "-";
				CODE_SIGN_STYLE = Automatic;
				DEVELOPMENT_TEAM = "";
				INFOPLIST_FILE = ShutAppiOSUITests/Info.plist;
				LD_RUNPATH_SEARCH_PATHS = (
					"$(inherited)",
					"@executable_path/Frameworks",
					"@loader_path/Frameworks",
				);
				PRODUCT_BUNDLE_IDENTIFIER = com.ShutApp.ShutAppiOSUITests;
				PRODUCT_NAME = "$(TARGET_NAME)";
				PROVISIONING_PROFILE_SPECIFIER = "";
				"PROVISIONING_PROFILE_SPECIFIER[sdk=macosx*]" = "";
				SWIFT_VERSION = 5.0;
				TARGETED_DEVICE_FAMILY = "1,2";
				TEST_TARGET_NAME = ShutAppiOS;
			};
			name = Release;
		};
/* End XCBuildConfiguration section */

/* Begin XCConfigurationList section */
		FBA412F6258A19ED0045B1B5 /* Build configuration list for PBXProject "ShutAppiOS" */ = {
			isa = XCConfigurationList;
			buildConfigurations = (
				FBA41323258A19EF0045B1B5 /* Debug */,
				FBA41324258A19EF0045B1B5 /* Release */,
			);
			defaultConfigurationIsVisible = 0;
			defaultConfigurationName = Release;
		};
		FBA41325258A19EF0045B1B5 /* Build configuration list for PBXNativeTarget "ShutAppiOS" */ = {
			isa = XCConfigurationList;
			buildConfigurations = (
				FBA41326258A19EF0045B1B5 /* Debug */,
				FBA41327258A19EF0045B1B5 /* Release */,
			);
			defaultConfigurationIsVisible = 0;
			defaultConfigurationName = Release;
		};
		FBA41328258A19EF0045B1B5 /* Build configuration list for PBXNativeTarget "ShutAppiOSTests" */ = {
			isa = XCConfigurationList;
			buildConfigurations = (
				FBA41329258A19EF0045B1B5 /* Debug */,
				FBA4132A258A19EF0045B1B5 /* Release */,
			);
			defaultConfigurationIsVisible = 0;
			defaultConfigurationName = Release;
		};
		FBA4132B258A19EF0045B1B5 /* Build configuration list for PBXNativeTarget "ShutAppiOSUITests" */ = {
			isa = XCConfigurationList;
			buildConfigurations = (
				FBA4132C258A19EF0045B1B5 /* Debug */,
				FBA4132D258A19EF0045B1B5 /* Release */,
			);
			defaultConfigurationIsVisible = 0;
			defaultConfigurationName = Release;
		};
/* End XCConfigurationList section */
	};
	rootObject = FBA412F3258A19ED0045B1B5 /* Project object */;
}
