// !$*UTF8*$!
{
	archiveVersion = 1;
	classes = {
	};
	objectVersion = 50;
	objects = {

/* Begin PBXBuildFile section */
		FBA412FF258A19ED0045B1B5 /* AppDelegate.swift in Sources */ = {isa = PBXBuildFile; fileRef = FBA412FE258A19ED0045B1B5 /* AppDelegate.swift */; };
		FBA41301258A19ED0045B1B5 /* SceneDelegate.swift in Sources */ = {isa = PBXBuildFile; fileRef = FBA41300258A19ED0045B1B5 /* SceneDelegate.swift */; };
		FBA41306258A19ED0045B1B5 /* Main.storyboard in Resources */ = {isa = PBXBuildFile; fileRef = FBA41304258A19ED0045B1B5 /* Main.storyboard */; };
		FBA41308258A19EF0045B1B5 /* Assets.xcassets in Resources */ = {isa = PBXBuildFile; fileRef = FBA41307258A19EF0045B1B5 /* Assets.xcassets */; };
		FBA4130B258A19EF0045B1B5 /* LaunchScreen.storyboard in Resources */ = {isa = PBXBuildFile; fileRef = FBA41309258A19EF0045B1B5 /* LaunchScreen.storyboard */; };
		FBA41316258A19EF0045B1B5 /* ShutAppiOSTests.swift in Sources */ = {isa = PBXBuildFile; fileRef = FBA41315258A19EF0045B1B5 /* ShutAppiOSTests.swift */; };
		FBA41321258A19EF0045B1B5 /* ShutAppiOSUITests.swift in Sources */ = {isa = PBXBuildFile; fileRef = FBA41320258A19EF0045B1B5 /* ShutAppiOSUITests.swift */; };
		FBA4132F258A1B510045B1B5 /* ForgotPasswordViewController.swift in Sources */ = {isa = PBXBuildFile; fileRef = FBA4132E258A1B510045B1B5 /* ForgotPasswordViewController.swift */; };
		FBA41331258A1B8D0045B1B5 /* SignUpViewController.swift in Sources */ = {isa = PBXBuildFile; fileRef = FBA41330258A1B8D0045B1B5 /* SignUpViewController.swift */; };
		FBA41333258A1BF40045B1B5 /* ContactsViewController.swift in Sources */ = {isa = PBXBuildFile; fileRef = FBA41332258A1BF40045B1B5 /* ContactsViewController.swift */; };
		FBA41335258A1C170045B1B5 /* LoginViewController.swift in Sources */ = {isa = PBXBuildFile; fileRef = FBA41334258A1C170045B1B5 /* LoginViewController.swift */; };
		FBA41337258A1C340045B1B5 /* SettingsViewController.swift in Sources */ = {isa = PBXBuildFile; fileRef = FBA41336258A1C340045B1B5 /* SettingsViewController.swift */; };
		FBA41339258A1C4F0045B1B5 /* TermsViewController.swift in Sources */ = {isa = PBXBuildFile; fileRef = FBA41338258A1C4F0045B1B5 /* TermsViewController.swift */; };
		FBA4133B258A1C800045B1B5 /* ChatViewController.swift in Sources */ = {isa = PBXBuildFile; fileRef = FBA4133A258A1C800045B1B5 /* ChatViewController.swift */; };
		FBA4133D258A1C9B0045B1B5 /* Contact.swift in Sources */ = {isa = PBXBuildFile; fileRef = FBA4133C258A1C9B0045B1B5 /* Contact.swift */; };
		FBA4133F258A1CBC0045B1B5 /* MyContacts.swift in Sources */ = {isa = PBXBuildFile; fileRef = FBA4133E258A1CBC0045B1B5 /* MyContacts.swift */; };
		FBA41341258A1CDE0045B1B5 /* CurrentUser.swift in Sources */ = {isa = PBXBuildFile; fileRef = FBA41340258A1CDE0045B1B5 /* CurrentUser.swift */; };
		FBA41343258A1CF70045B1B5 /* Message.swift in Sources */ = {isa = PBXBuildFile; fileRef = FBA41342258A1CF70045B1B5 /* Message.swift */; };
		FBA41345258A1D230045B1B5 /* Sender.swift in Sources */ = {isa = PBXBuildFile; fileRef = FBA41344258A1D230045B1B5 /* Sender.swift */; };
		FBA41347258A1D400045B1B5 /* MyMessages.swift in Sources */ = {isa = PBXBuildFile; fileRef = FBA41346258A1D400045B1B5 /* MyMessages.swift */; };
/* End PBXBuildFile section */

/* Begin PBXContainerItemProxy section */
		FBA41312258A19EF0045B1B5 /* PBXContainerItemProxy */ = {
			isa = PBXContainerItemProxy;
			containerPortal = FBA412F3258A19ED0045B1B5 /* Project object */;
			proxyType = 1;
			remoteGlobalIDString = FBA412FA258A19ED0045B1B5;
			remoteInfo = ShutAppiOS;
		};
		FBA4131D258A19EF0045B1B5 /* PBXContainerItemProxy */ = {
			isa = PBXContainerItemProxy;
			containerPortal = FBA412F3258A19ED0045B1B5 /* Project object */;
			proxyType = 1;
			remoteGlobalIDString = FBA412FA258A19ED0045B1B5;
			remoteInfo = ShutAppiOS;
		};
/* End PBXContainerItemProxy section */

/* Begin PBXFileReference section */
		FBA412FB258A19ED0045B1B5 /* ShutAppiOS.app */ = {isa = PBXFileReference; explicitFileType = wrapper.application; includeInIndex = 0; path = ShutAppiOS.app; sourceTree = BUILT_PRODUCTS_DIR; };
		FBA412FE258A19ED0045B1B5 /* AppDelegate.swift */ = {isa = PBXFileReference; lastKnownFileType = sourcecode.swift; path = AppDelegate.swift; sourceTree = "<group>"; };
		FBA41300258A19ED0045B1B5 /* SceneDelegate.swift */ = {isa = PBXFileReference; lastKnownFileType = sourcecode.swift; path = SceneDelegate.swift; sourceTree = "<group>"; };
		FBA41305258A19ED0045B1B5 /* Base */ = {isa = PBXFileReference; lastKnownFileType = file.storyboard; name = Base; path = Base.lproj/Main.storyboard; sourceTree = "<group>"; };
		FBA41307258A19EF0045B1B5 /* Assets.xcassets */ = {isa = PBXFileReference; lastKnownFileType = folder.assetcatalog; path = Assets.xcassets; sourceTree = "<group>"; };
		FBA4130A258A19EF0045B1B5 /* Base */ = {isa = PBXFileReference; lastKnownFileType = file.storyboard; name = Base; path = Base.lproj/LaunchScreen.storyboard; sourceTree = "<group>"; };
		FBA4130C258A19EF0045B1B5 /* Info.plist */ = {isa = PBXFileReference; lastKnownFileType = text.plist.xml; path = Info.plist; sourceTree = "<group>"; };
		FBA41311258A19EF0045B1B5 /* ShutAppiOSTests.xctest */ = {isa = PBXFileReference; explicitFileType = wrapper.cfbundle; includeInIndex = 0; path = ShutAppiOSTests.xctest; sourceTree = BUILT_PRODUCTS_DIR; };
		FBA41315258A19EF0045B1B5 /* ShutAppiOSTests.swift */ = {isa = PBXFileReference; lastKnownFileType = sourcecode.swift; path = ShutAppiOSTests.swift; sourceTree = "<group>"; };
		FBA41317258A19EF0045B1B5 /* Info.plist */ = {isa = PBXFileReference; lastKnownFileType = text.plist.xml; path = Info.plist; sourceTree = "<group>"; };
		FBA4131C258A19EF0045B1B5 /* ShutAppiOSUITests.xctest */ = {isa = PBXFileReference; explicitFileType = wrapper.cfbundle; includeInIndex = 0; path = ShutAppiOSUITests.xctest; sourceTree = BUILT_PRODUCTS_DIR; };
		FBA41320258A19EF0045B1B5 /* ShutAppiOSUITests.swift */ = {isa = PBXFileReference; lastKnownFileType = sourcecode.swift; path = ShutAppiOSUITests.swift; sourceTree = "<group>"; };
		FBA41322258A19EF0045B1B5 /* Info.plist */ = {isa = PBXFileReference; lastKnownFileType = text.plist.xml; path = Info.plist; sourceTree = "<group>"; };
		FBA4132E258A1B510045B1B5 /* ForgotPasswordViewController.swift */ = {isa = PBXFileReference; lastKnownFileType = sourcecode.swift; path = ForgotPasswordViewController.swift; sourceTree = "<group>"; };
		FBA41330258A1B8D0045B1B5 /* SignUpViewController.swift */ = {isa = PBXFileReference; lastKnownFileType = sourcecode.swift; path = SignUpViewController.swift; sourceTree = "<group>"; };
		FBA41332258A1BF40045B1B5 /* ContactsViewController.swift */ = {isa = PBXFileReference; lastKnownFileType = sourcecode.swift; path = ContactsViewController.swift; sourceTree = "<group>"; };
		FBA41334258A1C170045B1B5 /* LoginViewController.swift */ = {isa = PBXFileReference; lastKnownFileType = sourcecode.swift; path = LoginViewController.swift; sourceTree = "<group>"; };
		FBA41336258A1C340045B1B5 /* SettingsViewController.swift */ = {isa = PBXFileReference; lastKnownFileType = sourcecode.swift; path = SettingsViewController.swift; sourceTree = "<group>"; };
		FBA41338258A1C4F0045B1B5 /* TermsViewController.swift */ = {isa = PBXFileReference; lastKnownFileType = sourcecode.swift; path = TermsViewController.swift; sourceTree = "<group>"; };
		FBA4133A258A1C800045B1B5 /* ChatViewController.swift */ = {isa = PBXFileReference; lastKnownFileType = sourcecode.swift; path = ChatViewController.swift; sourceTree = "<group>"; };
		FBA4133C258A1C9B0045B1B5 /* Contact.swift */ = {isa = PBXFileReference; lastKnownFileType = sourcecode.swift; path = Contact.swift; sourceTree = "<group>"; };
		FBA4133E258A1CBC0045B1B5 /* MyContacts.swift */ = {isa = PBXFileReference; lastKnownFileType = sourcecode.swift; path = MyContacts.swift; sourceTree = "<group>"; };
		FBA41340258A1CDE0045B1B5 /* CurrentUser.swift */ = {isa = PBXFileReference; lastKnownFileType = sourcecode.swift; path = CurrentUser.swift; sourceTree = "<group>"; };
		FBA41342258A1CF70045B1B5 /* Message.swift */ = {isa = PBXFileReference; lastKnownFileType = sourcecode.swift; path = Message.swift; sourceTree = "<group>"; };
		FBA41344258A1D230045B1B5 /* Sender.swift */ = {isa = PBXFileReference; lastKnownFileType = sourcecode.swift; path = Sender.swift; sourceTree = "<group>"; };
		FBA41346258A1D400045B1B5 /* MyMessages.swift */ = {isa = PBXFileReference; lastKnownFileType = sourcecode.swift; path = MyMessages.swift; sourceTree = "<group>"; };
/* End PBXFileReference section */

/* Begin PBXFrameworksBuildPhase section */
		FBA412F8258A19ED0045B1B5 /* Frameworks */ = {
			isa = PBXFrameworksBuildPhase;
			buildActionMask = 2147483647;
			files = (
			);
			runOnlyForDeploymentPostprocessing = 0;
		};
		FBA4130E258A19EF0045B1B5 /* Frameworks */ = {
			isa = PBXFrameworksBuildPhase;
			buildActionMask = 2147483647;
			files = (
			);
			runOnlyForDeploymentPostprocessing = 0;
		};
		FBA41319258A19EF0045B1B5 /* Frameworks */ = {
			isa = PBXFrameworksBuildPhase;
			buildActionMask = 2147483647;
			files = (
			);
			runOnlyForDeploymentPostprocessing = 0;
		};
/* End PBXFrameworksBuildPhase section */

/* Begin PBXGroup section */
		FBA412F2258A19ED0045B1B5 = {
			isa = PBXGroup;
			children = (
				FBA412FD258A19ED0045B1B5 /* ShutAppiOS */,
				FBA41314258A19EF0045B1B5 /* ShutAppiOSTests */,
				FBA4131F258A19EF0045B1B5 /* ShutAppiOSUITests */,
				FBA412FC258A19ED0045B1B5 /* Products */,
			);
			sourceTree = "<group>";
		};
		FBA412FC258A19ED0045B1B5 /* Products */ = {
			isa = PBXGroup;
			children = (
				FBA412FB258A19ED0045B1B5 /* ShutAppiOS.app */,
				FBA41311258A19EF0045B1B5 /* ShutAppiOSTests.xctest */,
				FBA4131C258A19EF0045B1B5 /* ShutAppiOSUITests.xctest */,
			);
			name = Products;
			sourceTree = "<group>";
		};
		FBA412FD258A19ED0045B1B5 /* ShutAppiOS */ = {
			isa = PBXGroup;
			children = (
				FBA412FE258A19ED0045B1B5 /* AppDelegate.swift */,
				FBA41300258A19ED0045B1B5 /* SceneDelegate.swift */,
				FBA41304258A19ED0045B1B5 /* Main.storyboard */,
				FBA41307258A19EF0045B1B5 /* Assets.xcassets */,
				FBA41309258A19EF0045B1B5 /* LaunchScreen.storyboard */,
				FBA4130C258A19EF0045B1B5 /* Info.plist */,
				FBA4132E258A1B510045B1B5 /* ForgotPasswordViewController.swift */,
				FBA41330258A1B8D0045B1B5 /* SignUpViewController.swift */,
				FBA41332258A1BF40045B1B5 /* ContactsViewController.swift */,
				FBA41334258A1C170045B1B5 /* LoginViewController.swift */,
				FBA41336258A1C340045B1B5 /* SettingsViewController.swift */,
				FBA41338258A1C4F0045B1B5 /* TermsViewController.swift */,
				FBA4133A258A1C800045B1B5 /* ChatViewController.swift */,
				FBA4133C258A1C9B0045B1B5 /* Contact.swift */,
				FBA4133E258A1CBC0045B1B5 /* MyContacts.swift */,
				FBA41340258A1CDE0045B1B5 /* CurrentUser.swift */,
				FBA41342258A1CF70045B1B5 /* Message.swift */,
				FBA41344258A1D230045B1B5 /* Sender.swift */,
				FBA41346258A1D400045B1B5 /* MyMessages.swift */,
			);
			path = ShutAppiOS;
			sourceTree = "<group>";
		};
		FBA41314258A19EF0045B1B5 /* ShutAppiOSTests */ = {
			isa = PBXGroup;
			children = (
				FBA41315258A19EF0045B1B5 /* ShutAppiOSTests.swift */,
				FBA41317258A19EF0045B1B5 /* Info.plist */,
			);
			path = ShutAppiOSTests;
			sourceTree = "<group>";
		};
		FBA4131F258A19EF0045B1B5 /* ShutAppiOSUITests */ = {
			isa = PBXGroup;
			children = (
				FBA41320258A19EF0045B1B5 /* ShutAppiOSUITests.swift */,
				FBA41322258A19EF0045B1B5 /* Info.plist */,
			);
			path = ShutAppiOSUITests;
			sourceTree = "<group>";
		};
/* End PBXGroup section */

/* Begin PBXNativeTarget section */
		FBA412FA258A19ED0045B1B5 /* ShutAppiOS */ = {
			isa = PBXNativeTarget;
			buildConfigurationList = FBA41325258A19EF0045B1B5 /* Build configuration list for PBXNativeTarget "ShutAppiOS" */;
			buildPhases = (
				FBA412F7258A19ED0045B1B5 /* Sources */,
				FBA412F8258A19ED0045B1B5 /* Frameworks */,
				FBA412F9258A19ED0045B1B5 /* Resources */,
			);
			buildRules = (
			);
			dependencies = (
			);
			name = ShutAppiOS;
			productName = ShutAppiOS;
			productReference = FBA412FB258A19ED0045B1B5 /* ShutAppiOS.app */;
			productType = "com.apple.product-type.application";
		};
		FBA41310258A19EF0045B1B5 /* ShutAppiOSTests */ = {
			isa = PBXNativeTarget;
			buildConfigurationList = FBA41328258A19EF0045B1B5 /* Build configuration list for PBXNativeTarget "ShutAppiOSTests" */;
			buildPhases = (
				FBA4130D258A19EF0045B1B5 /* Sources */,
				FBA4130E258A19EF0045B1B5 /* Frameworks */,
				FBA4130F258A19EF0045B1B5 /* Resources */,
			);
			buildRules = (
			);
			dependencies = (
				FBA41313258A19EF0045B1B5 /* PBXTargetDependency */,
			);
			name = ShutAppiOSTests;
			productName = ShutAppiOSTests;
			productReference = FBA41311258A19EF0045B1B5 /* ShutAppiOSTests.xctest */;
			productType = "com.apple.product-type.bundle.unit-test";
		};
		FBA4131B258A19EF0045B1B5 /* ShutAppiOSUITests */ = {
			isa = PBXNativeTarget;
			buildConfigurationList = FBA4132B258A19EF0045B1B5 /* Build configuration list for PBXNativeTarget "ShutAppiOSUITests" */;
			buildPhases = (
				FBA41318258A19EF0045B1B5 /* Sources */,
				FBA41319258A19EF0045B1B5 /* Frameworks */,
				FBA4131A258A19EF0045B1B5 /* Resources */,
			);
			buildRules = (
			);
			dependencies = (
				FBA4131E258A19EF0045B1B5 /* PBXTargetDependency */,
			);
			name = ShutAppiOSUITests;
			productName = ShutAppiOSUITests;
			productReference = FBA4131C258A19EF0045B1B5 /* ShutAppiOSUITests.xctest */;
			productType = "com.apple.product-type.bundle.ui-testing";
		};
/* End PBXNativeTarget section */

/* Begin PBXProject section */
		FBA412F3258A19ED0045B1B5 /* Project object */ = {
			isa = PBXProject;
			attributes = {
				LastSwiftUpdateCheck = 1160;
				LastUpgradeCheck = 1160;
				ORGANIZATIONNAME = ShutApp;
				TargetAttributes = {
					FBA412FA258A19ED0045B1B5 = {
						CreatedOnToolsVersion = 11.6;
					};
					FBA41310258A19EF0045B1B5 = {
						CreatedOnToolsVersion = 11.6;
						TestTargetID = FBA412FA258A19ED0045B1B5;
					};
					FBA4131B258A19EF0045B1B5 = {
						CreatedOnToolsVersion = 11.6;
						TestTargetID = FBA412FA258A19ED0045B1B5;
					};
				};
			};
			buildConfigurationList = FBA412F6258A19ED0045B1B5 /* Build configuration list for PBXProject "ShutAppiOS" */;
			compatibilityVersion = "Xcode 9.3";
			developmentRegion = en;
			hasScannedForEncodings = 0;
			knownRegions = (
				en,
				Base,
			);
			mainGroup = FBA412F2258A19ED0045B1B5;
			productRefGroup = FBA412FC258A19ED0045B1B5 /* Products */;
			projectDirPath = "";
			projectRoot = "";
			targets = (
				FBA412FA258A19ED0045B1B5 /* ShutAppiOS */,
				FBA41310258A19EF0045B1B5 /* ShutAppiOSTests */,
				FBA4131B258A19EF0045B1B5 /* ShutAppiOSUITests */,
			);
		};
/* End PBXProject section */

/* Begin PBXResourcesBuildPhase section */
		FBA412F9258A19ED0045B1B5 /* Resources */ = {
			isa = PBXResourcesBuildPhase;
			buildActionMask = 2147483647;
			files = (
				FBA4130B258A19EF0045B1B5 /* LaunchScreen.storyboard in Resources */,
				FBA41308258A19EF0045B1B5 /* Assets.xcassets in Resources */,
				FBA41306258A19ED0045B1B5 /* Main.storyboard in Resources */,
			);
			runOnlyForDeploymentPostprocessing = 0;
		};
		FBA4130F258A19EF0045B1B5 /* Resources */ = {
			isa = PBXResourcesBuildPhase;
			buildActionMask = 2147483647;
			files = (
			);
			runOnlyForDeploymentPostprocessing = 0;
		};
		FBA4131A258A19EF0045B1B5 /* Resources */ = {
			isa = PBXResourcesBuildPhase;
			buildActionMask = 2147483647;
			files = (
			);
			runOnlyForDeploymentPostprocessing = 0;
		};
/* End PBXResourcesBuildPhase section */

/* Begin PBXSourcesBuildPhase section */
		FBA412F7258A19ED0045B1B5 /* Sources */ = {
			isa = PBXSourcesBuildPhase;
			buildActionMask = 2147483647;
			files = (
				FBA41335258A1C170045B1B5 /* LoginViewController.swift in Sources */,
				FBA412FF258A19ED0045B1B5 /* AppDelegate.swift in Sources */,
				FBA4133D258A1C9B0045B1B5 /* Contact.swift in Sources */,
				FBA41337258A1C340045B1B5 /* SettingsViewController.swift in Sources */,
				FBA41347258A1D400045B1B5 /* MyMessages.swift in Sources */,
				FBA41301258A19ED0045B1B5 /* SceneDelegate.swift in Sources */,
				FBA41331258A1B8D0045B1B5 /* SignUpViewController.swift in Sources */,
				FBA4132F258A1B510045B1B5 /* ForgotPasswordViewController.swift in Sources */,
				FBA41339258A1C4F0045B1B5 /* TermsViewController.swift in Sources */,
				FBA41345258A1D230045B1B5 /* Sender.swift in Sources */,
				FBA4133F258A1CBC0045B1B5 /* MyContacts.swift in Sources */,
				FBA41343258A1CF70045B1B5 /* Message.swift in Sources */,
				FBA4133B258A1C800045B1B5 /* ChatViewController.swift in Sources */,
				FBA41341258A1CDE0045B1B5 /* CurrentUser.swift in Sources */,
				FBA41333258A1BF40045B1B5 /* ContactsViewController.swift in Sources */,
			);
			runOnlyForDeploymentPostprocessing = 0;
		};
		FBA4130D258A19EF0045B1B5 /* Sources */ = {
			isa = PBXSourcesBuildPhase;
			buildActionMask = 2147483647;
			files = (
				FBA41316258A19EF0045B1B5 /* ShutAppiOSTests.swift in Sources */,
			);
			runOnlyForDeploymentPostprocessing = 0;
		};
		FBA41318258A19EF0045B1B5 /* Sources */ = {
			isa = PBXSourcesBuildPhase;
			buildActionMask = 2147483647;
			files = (
				FBA41321258A19EF0045B1B5 /* ShutAppiOSUITests.swift in Sources */,
			);
			runOnlyForDeploymentPostprocessing = 0;
		};
/* End PBXSourcesBuildPhase section */

/* Begin PBXTargetDependency section */
		FBA41313258A19EF0045B1B5 /* PBXTargetDependency */ = {
			isa = PBXTargetDependency;
			target = FBA412FA258A19ED0045B1B5 /* ShutAppiOS */;
			targetProxy = FBA41312258A19EF0045B1B5 /* PBXContainerItemProxy */;
		};
		FBA4131E258A19EF0045B1B5 /* PBXTargetDependency */ = {
			isa = PBXTargetDependency;
			target = FBA412FA258A19ED0045B1B5 /* ShutAppiOS */;
			targetProxy = FBA4131D258A19EF0045B1B5 /* PBXContainerItemProxy */;
		};
/* End PBXTargetDependency section */

/* Begin PBXVariantGroup section */
		FBA41304258A19ED0045B1B5 /* Main.storyboard */ = {
			isa = PBXVariantGroup;
			children = (
				FBA41305258A19ED0045B1B5 /* Base */,
			);
			name = Main.storyboard;
			sourceTree = "<group>";
		};
		FBA41309258A19EF0045B1B5 /* LaunchScreen.storyboard */ = {
			isa = PBXVariantGroup;
			children = (
				FBA4130A258A19EF0045B1B5 /* Base */,
			);
			name = LaunchScreen.storyboard;
			sourceTree = "<group>";
		};
/* End PBXVariantGroup section */

/* Begin XCBuildConfiguration section */
		FBA41323258A19EF0045B1B5 /* Debug */ = {
			isa = XCBuildConfiguration;
			buildSettings = {
				ALWAYS_SEARCH_USER_PATHS = NO;
				CLANG_ANALYZER_NONNULL = YES;
				CLANG_ANALYZER_NUMBER_OBJECT_CONVERSION = YES_AGGRESSIVE;
				CLANG_CXX_LANGUAGE_STANDARD = "gnu++14";
				CLANG_CXX_LIBRARY = "libc++";
				CLANG_ENABLE_MODULES = YES;
				CLANG_ENABLE_OBJC_ARC = YES;
				CLANG_ENABLE_OBJC_WEAK = YES;
				CLANG_WARN_BLOCK_CAPTURE_AUTORELEASING = YES;
				CLANG_WARN_BOOL_CONVERSION = YES;
				CLANG_WARN_COMMA = YES;
				CLANG_WARN_CONSTANT_CONVERSION = YES;
				CLANG_WARN_DEPRECATED_OBJC_IMPLEMENTATIONS = YES;
				CLANG_WARN_DIRECT_OBJC_ISA_USAGE = YES_ERROR;
				CLANG_WARN_DOCUMENTATION_COMMENTS = YES;
				CLANG_WARN_EMPTY_BODY = YES;
				CLANG_WARN_ENUM_CONVERSION = YES;
				CLANG_WARN_INFINITE_RECURSION = YES;
				CLANG_WARN_INT_CONVERSION = YES;
				CLANG_WARN_NON_LITERAL_NULL_CONVERSION = YES;
				CLANG_WARN_OBJC_IMPLICIT_RETAIN_SELF = YES;
				CLANG_WARN_OBJC_LITERAL_CONVERSION = YES;
				CLANG_WARN_OBJC_ROOT_CLASS = YES_ERROR;
				CLANG_WARN_RANGE_LOOP_ANALYSIS = YES;
				CLANG_WARN_STRICT_PROTOTYPES = YES;
				CLANG_WARN_SUSPICIOUS_MOVE = YES;
				CLANG_WARN_UNGUARDED_AVAILABILITY = YES_AGGRESSIVE;
				CLANG_WARN_UNREACHABLE_CODE = YES;
				CLANG_WARN__DUPLICATE_METHOD_MATCH = YES;
				COPY_PHASE_STRIP = NO;
				DEBUG_INFORMATION_FORMAT = dwarf;
				ENABLE_STRICT_OBJC_MSGSEND = YES;
				ENABLE_TESTABILITY = YES;
				GCC_C_LANGUAGE_STANDARD = gnu11;
				GCC_DYNAMIC_NO_PIC = NO;
				GCC_NO_COMMON_BLOCKS = YES;
				GCC_OPTIMIZATION_LEVEL = 0;
				GCC_PREPROCESSOR_DEFINITIONS = (
					"DEBUG=1",
					"$(inherited)",
				);
				GCC_WARN_64_TO_32_BIT_CONVERSION = YES;
				GCC_WARN_ABOUT_RETURN_TYPE = YES_ERROR;
				GCC_WARN_UNDECLARED_SELECTOR = YES;
				GCC_WARN_UNINITIALIZED_AUTOS = YES_AGGRESSIVE;
				GCC_WARN_UNUSED_FUNCTION = YES;
				GCC_WARN_UNUSED_VARIABLE = YES;
				IPHONEOS_DEPLOYMENT_TARGET = 13.6;
				MTL_ENABLE_DEBUG_INFO = INCLUDE_SOURCE;
				MTL_FAST_MATH = YES;
				ONLY_ACTIVE_ARCH = YES;
				SDKROOT = iphoneos;
				SWIFT_ACTIVE_COMPILATION_CONDITIONS = DEBUG;
				SWIFT_OPTIMIZATION_LEVEL = "-Onone";
			};
			name = Debug;
		};
		FBA41324258A19EF0045B1B5 /* Release */ = {
			isa = XCBuildConfiguration;
			buildSettings = {
				ALWAYS_SEARCH_USER_PATHS = NO;
				CLANG_ANALYZER_NONNULL = YES;
				CLANG_ANALYZER_NUMBER_OBJECT_CONVERSION = YES_AGGRESSIVE;
				CLANG_CXX_LANGUAGE_STANDARD = "gnu++14";
				CLANG_CXX_LIBRARY = "libc++";
				CLANG_ENABLE_MODULES = YES;
				CLANG_ENABLE_OBJC_ARC = YES;
				CLANG_ENABLE_OBJC_WEAK = YES;
				CLANG_WARN_BLOCK_CAPTURE_AUTORELEASING = YES;
				CLANG_WARN_BOOL_CONVERSION = YES;
				CLANG_WARN_COMMA = YES;
				CLANG_WARN_CONSTANT_CONVERSION = YES;
				CLANG_WARN_DEPRECATED_OBJC_IMPLEMENTATIONS = YES;
				CLANG_WARN_DIRECT_OBJC_ISA_USAGE = YES_ERROR;
				CLANG_WARN_DOCUMENTATION_COMMENTS = YES;
				CLANG_WARN_EMPTY_BODY = YES;
				CLANG_WARN_ENUM_CONVERSION = YES;
				CLANG_WARN_INFINITE_RECURSION = YES;
				CLANG_WARN_INT_CONVERSION = YES;
				CLANG_WARN_NON_LITERAL_NULL_CONVERSION = YES;
				CLANG_WARN_OBJC_IMPLICIT_RETAIN_SELF = YES;
				CLANG_WARN_OBJC_LITERAL_CONVERSION = YES;
				CLANG_WARN_OBJC_ROOT_CLASS = YES_ERROR;
				CLANG_WARN_RANGE_LOOP_ANALYSIS = YES;
				CLANG_WARN_STRICT_PROTOTYPES = YES;
				CLANG_WARN_SUSPICIOUS_MOVE = YES;
				CLANG_WARN_UNGUARDED_AVAILABILITY = YES_AGGRESSIVE;
				CLANG_WARN_UNREACHABLE_CODE = YES;
				CLANG_WARN__DUPLICATE_METHOD_MATCH = YES;
				COPY_PHASE_STRIP = NO;
				DEBUG_INFORMATION_FORMAT = "dwarf-with-dsym";
				ENABLE_NS_ASSERTIONS = NO;
				ENABLE_STRICT_OBJC_MSGSEND = YES;
				GCC_C_LANGUAGE_STANDARD = gnu11;
				GCC_NO_COMMON_BLOCKS = YES;
				GCC_WARN_64_TO_32_BIT_CONVERSION = YES;
				GCC_WARN_ABOUT_RETURN_TYPE = YES_ERROR;
				GCC_WARN_UNDECLARED_SELECTOR = YES;
				GCC_WARN_UNINITIALIZED_AUTOS = YES_AGGRESSIVE;
				GCC_WARN_UNUSED_FUNCTION = YES;
				GCC_WARN_UNUSED_VARIABLE = YES;
				IPHONEOS_DEPLOYMENT_TARGET = 13.6;
				MTL_ENABLE_DEBUG_INFO = NO;
				MTL_FAST_MATH = YES;
				SDKROOT = iphoneos;
				SWIFT_COMPILATION_MODE = wholemodule;
				SWIFT_OPTIMIZATION_LEVEL = "-O";
				VALIDATE_PRODUCT = YES;
			};
			name = Release;
		};
		FBA41326258A19EF0045B1B5 /* Debug */ = {
			isa = XCBuildConfiguration;
			buildSettings = {
				ASSETCATALOG_COMPILER_APPICON_NAME = AppIcon;
				CODE_SIGN_STYLE = Automatic;
				INFOPLIST_FILE = ShutAppiOS/Info.plist;
				LD_RUNPATH_SEARCH_PATHS = (
					"$(inherited)",
					"@executable_path/Frameworks",
				);
				PRODUCT_BUNDLE_IDENTIFIER = com.ShutApp.ShutAppiOS;
				PRODUCT_NAME = "$(TARGET_NAME)";
				SWIFT_VERSION = 5.0;
				TARGETED_DEVICE_FAMILY = "1,2";
			};
			name = Debug;
		};
		FBA41327258A19EF0045B1B5 /* Release */ = {
			isa = XCBuildConfiguration;
			buildSettings = {
				ASSETCATALOG_COMPILER_APPICON_NAME = AppIcon;
				CODE_SIGN_STYLE = Automatic;
				INFOPLIST_FILE = ShutAppiOS/Info.plist;
				LD_RUNPATH_SEARCH_PATHS = (
					"$(inherited)",
					"@executable_path/Frameworks",
				);
				PRODUCT_BUNDLE_IDENTIFIER = com.ShutApp.ShutAppiOS;
				PRODUCT_NAME = "$(TARGET_NAME)";
				SWIFT_VERSION = 5.0;
				TARGETED_DEVICE_FAMILY = "1,2";
			};
			name = Release;
		};
		FBA41329258A19EF0045B1B5 /* Debug */ = {
			isa = XCBuildConfiguration;
			buildSettings = {
				ALWAYS_EMBED_SWIFT_STANDARD_LIBRARIES = YES;
				BUNDLE_LOADER = "$(TEST_HOST)";
				CODE_SIGN_STYLE = Automatic;
				INFOPLIST_FILE = ShutAppiOSTests/Info.plist;
				IPHONEOS_DEPLOYMENT_TARGET = 13.6;
				LD_RUNPATH_SEARCH_PATHS = (
					"$(inherited)",
					"@executable_path/Frameworks",
					"@loader_path/Frameworks",
				);
				PRODUCT_BUNDLE_IDENTIFIER = com.ShutApp.ShutAppiOSTests;
				PRODUCT_NAME = "$(TARGET_NAME)";
				SWIFT_VERSION = 5.0;
				TARGETED_DEVICE_FAMILY = "1,2";
				TEST_HOST = "$(BUILT_PRODUCTS_DIR)/ShutAppiOS.app/ShutAppiOS";
			};
			name = Debug;
		};
		FBA4132A258A19EF0045B1B5 /* Release */ = {
			isa = XCBuildConfiguration;
			buildSettings = {
				ALWAYS_EMBED_SWIFT_STANDARD_LIBRARIES = YES;
				BUNDLE_LOADER = "$(TEST_HOST)";
				CODE_SIGN_STYLE = Automatic;
				INFOPLIST_FILE = ShutAppiOSTests/Info.plist;
				IPHONEOS_DEPLOYMENT_TARGET = 13.6;
				LD_RUNPATH_SEARCH_PATHS = (
					"$(inherited)",
					"@executable_path/Frameworks",
					"@loader_path/Frameworks",
				);
				PRODUCT_BUNDLE_IDENTIFIER = com.ShutApp.ShutAppiOSTests;
				PRODUCT_NAME = "$(TARGET_NAME)";
				SWIFT_VERSION = 5.0;
				TARGETED_DEVICE_FAMILY = "1,2";
				TEST_HOST = "$(BUILT_PRODUCTS_DIR)/ShutAppiOS.app/ShutAppiOS";
			};
			name = Release;
		};
		FBA4132C258A19EF0045B1B5 /* Debug */ = {
			isa = XCBuildConfiguration;
			buildSettings = {
				ALWAYS_EMBED_SWIFT_STANDARD_LIBRARIES = YES;
				CODE_SIGN_STYLE = Automatic;
				INFOPLIST_FILE = ShutAppiOSUITests/Info.plist;
				LD_RUNPATH_SEARCH_PATHS = (
					"$(inherited)",
					"@executable_path/Frameworks",
					"@loader_path/Frameworks",
				);
				PRODUCT_BUNDLE_IDENTIFIER = com.ShutApp.ShutAppiOSUITests;
				PRODUCT_NAME = "$(TARGET_NAME)";
				SWIFT_VERSION = 5.0;
				TARGETED_DEVICE_FAMILY = "1,2";
				TEST_TARGET_NAME = ShutAppiOS;
			};
			name = Debug;
		};
		FBA4132D258A19EF0045B1B5 /* Release */ = {
			isa = XCBuildConfiguration;
			buildSettings = {
				ALWAYS_EMBED_SWIFT_STANDARD_LIBRARIES = YES;
				CODE_SIGN_STYLE = Automatic;
				INFOPLIST_FILE = ShutAppiOSUITests/Info.plist;
				LD_RUNPATH_SEARCH_PATHS = (
					"$(inherited)",
					"@executable_path/Frameworks",
					"@loader_path/Frameworks",
				);
				PRODUCT_BUNDLE_IDENTIFIER = com.ShutApp.ShutAppiOSUITests;
				PRODUCT_NAME = "$(TARGET_NAME)";
				SWIFT_VERSION = 5.0;
				TARGETED_DEVICE_FAMILY = "1,2";
				TEST_TARGET_NAME = ShutAppiOS;
			};
			name = Release;
		};
/* End XCBuildConfiguration section */

/* Begin XCConfigurationList section */
		FBA412F6258A19ED0045B1B5 /* Build configuration list for PBXProject "ShutAppiOS" */ = {
			isa = XCConfigurationList;
			buildConfigurations = (
				FBA41323258A19EF0045B1B5 /* Debug */,
				FBA41324258A19EF0045B1B5 /* Release */,
			);
			defaultConfigurationIsVisible = 0;
			defaultConfigurationName = Release;
		};
		FBA41325258A19EF0045B1B5 /* Build configuration list for PBXNativeTarget "ShutAppiOS" */ = {
			isa = XCConfigurationList;
			buildConfigurations = (
				FBA41326258A19EF0045B1B5 /* Debug */,
				FBA41327258A19EF0045B1B5 /* Release */,
			);
			defaultConfigurationIsVisible = 0;
			defaultConfigurationName = Release;
		};
		FBA41328258A19EF0045B1B5 /* Build configuration list for PBXNativeTarget "ShutAppiOSTests" */ = {
			isa = XCConfigurationList;
			buildConfigurations = (
				FBA41329258A19EF0045B1B5 /* Debug */,
				FBA4132A258A19EF0045B1B5 /* Release */,
			);
			defaultConfigurationIsVisible = 0;
			defaultConfigurationName = Release;
		};
		FBA4132B258A19EF0045B1B5 /* Build configuration list for PBXNativeTarget "ShutAppiOSUITests" */ = {
			isa = XCConfigurationList;
			buildConfigurations = (
				FBA4132C258A19EF0045B1B5 /* Debug */,
				FBA4132D258A19EF0045B1B5 /* Release */,
			);
			defaultConfigurationIsVisible = 0;
			defaultConfigurationName = Release;
		};
/* End XCConfigurationList section */
	};
	rootObject = FBA412F3258A19ED0045B1B5 /* Project object */;
}
